
Microsoft Visual Studio Solution File, Format Version 12.00
# Visual Studio Version 17
VisualStudioVersion = 17.5.002.0
MinimumVisualStudioVersion = 10.0.40219.1
Project("{9A19103F-16F7-4668-BE54-9A1E7A4F7556}") = "Tarea2", "Tarea2\Tarea2.csproj", "{641E325F-257E-4D1D-AC51-6307C02EA8A3}"
EndProject
Global
	GlobalSection(SolutionConfigurationPlatforms) = preSolution
		Debug|Any CPU = Debug|Any CPU
		Release|Any CPU = Release|Any CPU
	EndGlobalSection
	GlobalSection(ProjectConfigurationPlatforms) = postSolution
		{641E325F-257E-4D1D-AC51-6307C02EA8A3}.Debug|Any CPU.ActiveCfg = Debug|Any CPU
		{641E325F-257E-4D1D-AC51-6307C02EA8A3}.Debug|Any CPU.Build.0 = Debug|Any CPU
		{641E325F-257E-4D1D-AC51-6307C02EA8A3}.Release|Any CPU.ActiveCfg = Release|Any CPU
		{641E325F-257E-4D1D-AC51-6307C02EA8A3}.Release|Any CPU.Build.0 = Release|Any CPU
	EndGlobalSection
	GlobalSection(SolutionProperties) = preSolution
		HideSolutionNode = FALSE
	EndGlobalSection
	GlobalSection(ExtensibilityGlobals) = postSolution
		SolutionGuid = {AE0632BE-1884-4AD6-AB87-4F54BEEC17DE}
	EndGlobalSection
EndGlobal
